# THIS IS AN AUTOGENERATED FILE. DO NOT EDIT THIS FILE DIRECTLY.
# yarn lockfile v1


"@solana-program/system@^0.12.0", "@solana-program/system@^0.12.2":
  version "0.12.2"
  resolved "https://registry.yarnpkg.com/@solana-program/system/-/system-0.12.2.tgz#bd5d77350e4576a193324045283a7091155ef830"
  integrity sha512-MaBeOxlvTruQhA7UYkOb3hVTEHPPagOtd+PvTm6a8rGgvEAP0kD4BbC37NceOaR4ABNqdaCmD5OMVRKgrE6KAg==

"@solana-program/token@^0.14.0":
  version "0.14.0"
  resolved "https://registry.yarnpkg.com/@solana-program/token/-/token-0.14.0.tgz#ddc7ff5cf9e6f9f8e50a451bcc210b3210cddc23"
  integrity sha512-zpLMr6JZndlsQCQvrm0gezfwdr1lmzOGqN6v2WIYXjtDmbF+xg6zh/MAp2UFHRpv3uDmylEdjtQo05pa2OeaYg==
  dependencies:
    "@solana-program/system" "^0.12.0"

"@solana/accounts@6.10.0":
  version "6.10.0"
  resolved "https://registry.yarnpkg.com/@solana/accounts/-/accounts-6.10.0.tgz#8b6baf344350727f3998fd0240ccee1720f4b883"
  integrity sha512-+FxfDOrnifoPlBkF+fr8eeQdgM6xtIgAg9xKMu3WnIz60oZd4Xnry6+ff6t+ePPoZZp397FSg9ZJet68VCWm5Q==
  dependencies:
    "@solana/addresses" "6.10.0"
    "@solana/codecs-core" "6.10.0"
    "@solana/codecs-strings" "6.10.0"
    "@solana/errors" "6.10.0"
    "@solana/rpc-spec" "6.10.0"
    "@solana/rpc-types" "6.10.0"

"@solana/addresses@6.10.0":
  version "6.10.0"
  resolved "https://registry.yarnpkg.com/@solana/addresses/-/addresses-6.10.0.tgz#447d16332816b63ebf53fef1bcb6e7b70fb8ce0e"
  integrity sha512-vEoCGBTxG0HCERAn84KXkrJjl+pDaNzOpZ0qbgcPS98fYxP5yzbKB8SNOY2bzrbkRUmmw5Q3hqTRERemUN2Gcw==
  dependencies:
    "@solana/assertions" "6.10.0"
    "@solana/codecs-core" "6.10.0"
    "@solana/codecs-strings" "6.10.0"
    "@solana/errors" "6.10.0"
    "@solana/nominal-types" "6.10.0"

"@solana/assertions@6.10.0":
  version "6.10.0"
  resolved "https://registry.yarnpkg.com/@solana/assertions/-/assertions-6.10.0.tgz#58998f43b45b234cf95d0777505258f47901b440"
  integrity sha512-lKSAdVo+P/6Lp4vs6shstXmFOpvxrABwn4o1462tb7sKkNapk6o9pPFVPGw4DUgPS3WqWRs1j2tmpuVjhQRntg==
  dependencies:
    "@solana/errors" "6.10.0"

"@solana/codecs-core@6.10.0":
  version "6.10.0"
  resolved "https://registry.yarnpkg.com/@solana/codecs-core/-/codecs-core-6.10.0.tgz#fa385a6dfdaf95a76a1d1a4b59c678f800c7ec4c"
  integrity sha512-nfAl9OMGo4HanIMxGsQoVB7BxMoqBCYEUxl8oEAZZ09pDxnaXQZkTRXEwPPccag37XfW1ciPd1vWPKwB2b0HHQ==
  dependencies:
    "@solana/errors" "6.10.0"

"@solana/codecs-data-structures@6.10.0":
  version "6.10.0"
  resolved "https://registry.yarnpkg.com/@solana/codecs-data-structures/-/codecs-data-structures-6.10.0.tgz#17e51ab92299558cf55c8f29e4d02c140608795c"
  integrity sha512-CNasJW3bq5u+632Zt5aJ8rOjAjv2HyenpV8o9kAIqdmV4CBpjCCoBnKn8LkuR/sbeREZxJYfhKTXO/9ruAkw7A==
  dependencies:
    "@solana/codecs-core" "6.10.0"
    "@solana/codecs-numbers" "6.10.0"
    "@solana/errors" "6.10.0"

"@solana/codecs-numbers@6.10.0":
  version "6.10.0"
  resolved "https://registry.yarnpkg.com/@solana/codecs-numbers/-/codecs-numbers-6.10.0.tgz#17dee1edac03f73d22bf11629c6a6e784f10290d"
  integrity sha512-CcM+wX4zOiA9zkh8A7t1787A0Ehgmu5+6Z2tKoHew6cNw/dkaUTPa8JnNHbvfsLC8dfHC1BhAEJl86sKmRsfkQ==
  dependencies:
    "@solana/codecs-core" "6.10.0"
    "@solana/errors" "6.10.0"

"@solana/codecs-strings@6.10.0":
  version "6.10.0"
  resolved "https://registry.yarnpkg.com/@solana/codecs-strings/-/codecs-strings-6.10.0.tgz#06755cb5785af404412cb03fa49b41a40d956b49"
  integrity sha512-zlaqkg7K6F6IN4V/Ec8TWkTn054gxv7ZLagvGkuEyAdPQ6BzzsehOm2TqCuyXgJJTCGPLY1bEk6yH9NxANe0kA==
  dependencies:
    "@solana/codecs-core" "6.10.0"
    "@solana/codecs-numbers" "6.10.0"
    "@solana/errors" "6.10.0"

"@solana/codecs@6.10.0":
  version "6.10.0"
  resolved "https://registry.yarnpkg.com/@solana/codecs/-/codecs-6.10.0.tgz#fbfea2b4cb71bf6c95c683da3fae430632371225"
  integrity sha512-lLVuxod4ChWp9i7OvpgIykYG8Q9OGPVXKnHM9VlzDDLylsx7Y1FoQL00sHa7PqFkJVmkBufaA6dcGbQ7FU+lAQ==
  dependencies:
    "@solana/codecs-core" "6.10.0"
    "@solana/codecs-data-structures" "6.10.0"
    "@solana/codecs-numbers" "6.10.0"
    "@solana/codecs-strings" "6.10.0"
    "@solana/fixed-points" "6.10.0"
    "@solana/options" "6.10.0"

"@solana/errors@6.10.0":
  version "6.10.0"
  resolved "https://registry.yarnpkg.com/@solana/errors/-/errors-6.10.0.tgz#46752a9cfb67db713399f884dd1b110d87b6d327"
  integrity sha512-KBLAxCtAXr357JNhCyIDQXWbuSj5vN6w+28FSfcYY6OOSiphmXLAV3V58jgV0C6iNbIzFJFi6yatFyDTdeJsNg==
  dependencies:
    chalk "5.6.2"
    commander "15.0.0"

"@solana/fast-stable-stringify@6.10.0":
  version "6.10.0"
  resolved "https://registry.yarnpkg.com/@solana/fast-stable-stringify/-/fast-stable-stringify-6.10.0.tgz#e2987e7d7ba0912d96831529eeda09bb7b50b5cf"
  integrity sha512-iCNed27wk6PKSS3QUtHovRfMWF/jbVWogs2vB4tukKUCsqG4rDfDInIwZ6ur/nY6XTrgi2gMMdZq9GAUlWsbfw==

"@solana/fixed-points@6.10.0":
  version "6.10.0"
  resolved "https://registry.yarnpkg.com/@solana/fixed-points/-/fixed-points-6.10.0.tgz#bbb24e788e8014378c4bbb5caa98d219dcf02957"
  integrity sha512-ZkKL0alXH3L7/wMiVG8YUuG8qBKunlM810+YBD7nUPRhifiGsX1zwADViHLYNqLr/jUk0mTYFUcKznTpB/K+Gg==
  dependencies:
    "@solana/codecs-core" "6.10.0"
    "@solana/errors" "6.10.0"

"@solana/functional@6.10.0":
  version "6.10.0"
  resolved "https://registry.yarnpkg.com/@solana/functional/-/functional-6.10.0.tgz#f981f44f85ab866e948a68c74268c9af51af5e8e"
  integrity sha512-P8cevu4mAqHTXC37h1TVoOh8zhWB2tlOI/R9vWjYPpcLwcyWf8p2qq4LEGHl5kY+1C+4PNX39HsmCocXOPCDkQ==

"@solana/instruction-plans@6.10.0":
  version "6.10.0"
  resolved "https://registry.yarnpkg.com/@solana/instruction-plans/-/instruction-plans-6.10.0.tgz#929ab0f781405f9a5e21ee68eefc5d37cf3b95cb"
  integrity sha512-YG7mo4zykzdc6ZTV0BuN6pveK9qeBySzlYYerq578A4eQu3xcypMAYRGAvhMZtWTanjjmD6CKtM0M7kVp0TNxg==
  dependencies:
    "@solana/errors" "6.10.0"
    "@solana/instructions" "6.10.0"
    "@solana/keys" "6.10.0"
    "@solana/promises" "6.10.0"
    "@solana/transaction-messages" "6.10.0"
    "@solana/transactions" "6.10.0"

"@solana/instructions@6.10.0":
  version "6.10.0"
  resolved "https://registry.yarnpkg.com/@solana/instructions/-/instructions-6.10.0.tgz#7e326eafbb55e57bc44b1484e29362645fd8931d"
  integrity sha512-0TToYF+8LXQ3ofPMx+yF6yaM9l4YJvcAPMy0qV5JsrBUFlWXBSANRuudKBQLHMvb+a3OiUTq5X7omuorKMBB3A==
  dependencies:
    "@solana/codecs-core" "6.10.0"
    "@solana/errors" "6.10.0"

"@solana/keys@6.10.0":
  version "6.10.0"
  resolved "https://registry.yarnpkg.com/@solana/keys/-/keys-6.10.0.tgz#d2ba341c36ae9638b915e2af258fa57488052867"
  integrity sha512-26IRfdm/hTUCmM7MeEeX0ULSbCM6OzkZTkfkrPircqmRM7xyNqP4hq7u0P7wjb9dl7NfgyG6K7cdvUxrj2e3mA==
  dependencies:
    "@solana/assertions" "6.10.0"
    "@solana/codecs-core" "6.10.0"
    "@solana/codecs-strings" "6.10.0"
    "@solana/errors" "6.10.0"
    "@solana/nominal-types" "6.10.0"
    "@solana/promises" "6.10.0"

"@solana/kit-plugin-instruction-plan@0.12.1":
  version "0.12.1"
  resolved "https://registry.yarnpkg.com/@solana/kit-plugin-instruction-plan/-/kit-plugin-instruction-plan-0.12.1.tgz#724b6144836924c34cb9d1434d18a3d0aef00878"
  integrity sha512-+uDMOHwFEEYAP5hWleWAaBMQYMiJmczRotTDZY1h/7yILHESZHUBFdn1FHFHKOv6JxXfC9Xp8siWKB4PsAymXw==

"@solana/kit-plugin-litesvm@^0.12.1":
  version "0.12.1"
  resolved "https://registry.yarnpkg.com/@solana/kit-plugin-litesvm/-/kit-plugin-litesvm-0.12.1.tgz#f04220adbf81ea317eed1a7a9e07b92f01208248"
  integrity sha512-Jtwm+UxzcLDu5oZaIKL655adDQ0Tzg6tqkQ8QAZFXW6Ur3AA9zkdJ0zAsI3h3UWXmetxJ7VBY3TzMZroRbifcQ==
  dependencies:
    "@solana/kit-plugin-instruction-plan" "0.12.1"
    litesvm "^1.2.0"

"@solana/kit-plugin-signer@^0.12.1":
  version "0.12.1"
  resolved "https://registry.yarnpkg.com/@solana/kit-plugin-signer/-/kit-plugin-signer-0.12.1.tgz#bcb2b2b652a32b3e74e65ac9bcac11cb1ffad6b0"
  integrity sha512-D+9LXVEDVRNu6ALCmxdCyFNemxowfxkB63Jq4rJ0HYRJhiMyA34vrvQPn8UuF8iBac1tWdlt7lT6pCWQuHzFSw==

"@solana/kit@^6.10.0":
  version "6.10.0"
  resolved "https://registry.yarnpkg.com/@solana/kit/-/kit-6.10.0.tgz#936ce0321eb6e70e5c42127624c690264f52cd09"
  integrity sha512-/WnnQp3uARh2JCFSfAakejTAqwmXVuMVTcRn5r2yDwY2yzZ4R6mt/Cl59VPimVLNSoTyN/KsEwhv9omr3ERazQ==
  dependencies:
    "@solana/accounts" "6.10.0"
    "@solana/addresses" "6.10.0"
    "@solana/codecs" "6.10.0"
    "@solana/errors" "6.10.0"
    "@solana/functional" "6.10.0"
    "@solana/instruction-plans" "6.10.0"
    "@solana/instructions" "6.10.0"
    "@solana/keys" "6.10.0"
    "@solana/offchain-messages" "6.10.0"
    "@solana/plugin-core" "6.10.0"
    "@solana/plugin-interfaces" "6.10.0"
    "@solana/program-client-core" "6.10.0"
    "@solana/programs" "6.10.0"
    "@solana/rpc" "6.10.0"
    "@solana/rpc-api" "6.10.0"
    "@solana/rpc-parsed-types" "6.10.0"
    "@solana/rpc-spec-types" "6.10.0"
    "@solana/rpc-subscriptions" "6.10.0"
    "@solana/rpc-types" "6.10.0"
    "@solana/signers" "6.10.0"
    "@solana/subscribable" "6.10.0"
    "@solana/sysvars" "6.10.0"
    "@solana/transaction-confirmation" "6.10.0"
    "@solana/transaction-messages" "6.10.0"
    "@solana/transactions" "6.10.0"

"@solana/nominal-types@6.10.0":
  version "6.10.0"
  resolved "https://registry.yarnpkg.com/@solana/nominal-types/-/nominal-types-6.10.0.tgz#507895bbbfd9abc54fffdd903ca2738f7210c558"
  integrity sha512-9ykyBBvnkInH7fCacjJi7zu2PJyd+OCt+VTjIISv070fHzKIMFqZqJJ/dJ0SRH2aHwfB3n86iVsmtBtuxi4KKA==

"@solana/offchain-messages@6.10.0":
  version "6.10.0"
  resolved "https://registry.yarnpkg.com/@solana/offchain-messages/-/offchain-messages-6.10.0.tgz#34bde47866f2ff75438b783a8926fcb3f35d2f84"
  integrity sha512-RiEgAueeMkFMC1suOXBIcmCZgtXRxy24yk0DldPB37bB4zwOF1SAaRjNRPjIkGK8RhCYrEpPosnzLyavw9ueRg==
  dependencies:
    "@solana/addresses" "6.10.0"
    "@solana/codecs-core" "6.10.0"
    "@solana/codecs-data-structures" "6.10.0"
    "@solana/codecs-numbers" "6.10.0"
    "@solana/codecs-strings" "6.10.0"
    "@solana/errors" "6.10.0"
    "@solana/keys" "6.10.0"
    "@solana/nominal-types" "6.10.0"

"@solana/options@6.10.0":
  version "6.10.0"
  resolved "https://registry.yarnpkg.com/@solana/options/-/options-6.10.0.tgz#b36eb988d2bf7ebbeaad3fba4ec31f8273bd93ea"
  integrity sha512-RO9UT3UYD8/Cu2uM6ZXbKvLeMnVD42+g9JRds7Pfs4AhiOyg4R4TJrQUAppTgavPTO3PBRlWtWOC05ZH/yAIbg==
  dependencies:
    "@solana/codecs-core" "6.10.0"
    "@solana/codecs-data-structures" "6.10.0"
    "@solana/codecs-numbers" "6.10.0"
    "@solana/codecs-strings" "6.10.0"
    "@solana/errors" "6.10.0"

"@solana/plugin-core@6.10.0":
  version "6.10.0"
  resolved "https://registry.yarnpkg.com/@solana/plugin-core/-/plugin-core-6.10.0.tgz#82175548e2debfdb56fe218ea3670d556cbb8d34"
  integrity sha512-JE70YTQOfFACVFGvoJon4Scc/eHUWjMu8Ovo35CcV2kHTAHYMCd4UkBd2gmlhK0vRMMomsQi1ZLPlAlTq0OoUQ==

"@solana/plugin-interfaces@6.10.0":
  version "6.10.0"
  resolved "https://registry.yarnpkg.com/@solana/plugin-interfaces/-/plugin-interfaces-6.10.0.tgz#e012cf8ecc2086904c9471322c5bf5754ae485d1"
  integrity sha512-vr0/l9wcM4orwGr8cjkFWaJ9A4HvzuAv00jMFNMg0Spd0GZqnwnpW+D/fXa1lIJnTRaF3EeEjLh4VjKU037T0Q==
  dependencies:
    "@solana/addresses" "6.10.0"
    "@solana/instruction-plans" "6.10.0"
    "@solana/keys" "6.10.0"
    "@solana/rpc-spec" "6.10.0"
    "@solana/rpc-subscriptions-spec" "6.10.0"
    "@solana/rpc-types" "6.10.0"
    "@solana/signers" "6.10.0"

"@solana/program-client-core@6.10.0":
  version "6.10.0"
  resolved "https://registry.yarnpkg.com/@solana/program-client-core/-/program-client-core-6.10.0.tgz#d411fc6fcfce5c04d01e014dbd6f0975a2172e01"
  integrity sha512-4PPbTLdC1ylHIuvhOFDP8RnSkXPCFjNFWGslzc+UFKnoR4ajzBcByX94jmaruDMk5ncxgj7tr9pzJTvfGHIaMA==
  dependencies:
    "@solana/accounts" "6.10.0"
    "@solana/addresses" "6.10.0"
    "@solana/codecs-core" "6.10.0"
    "@solana/errors" "6.10.0"
    "@solana/instruction-plans" "6.10.0"
    "@solana/instructions" "6.10.0"
    "@solana/plugin-interfaces" "6.10.0"
    "@solana/rpc-api" "6.10.0"
    "@solana/signers" "6.10.0"

"@solana/programs@6.10.0":
  version "6.10.0"
  resolved "https://registry.yarnpkg.com/@solana/programs/-/programs-6.10.0.tgz#5dca0efea92d9dfccecb513fe63b1cae2a3eaa81"
  integrity sha512-qn/HeLP5KGUJXVub3fyGe69/rWaLX4jzwm6V/1pNxJDbdF+MBdgn18hP6F+VmhfdNmwK0lue3J/1HQ1UTMuQeQ==
  dependencies:
    "@solana/addresses" "6.10.0"
    "@solana/errors" "6.10.0"

"@solana/promises@6.10.0":
  version "6.10.0"
  resolved "https://registry.yarnpkg.com/@solana/promises/-/promises-6.10.0.tgz#6ac79acb1d4561108278e4cc563c1eb3a4db6155"
  integrity sha512-oJSIn+VBBMWDo8oqw7RV3tI6Jih+Ieup6FcQLYLDUriaeo7+8l1Zdezl8zh7SIfeU4lOfAbRg6mR0huaS/Lltg==

"@solana/rpc-api@6.10.0":
  version "6.10.0"
  resolved "https://registry.yarnpkg.com/@solana/rpc-api/-/rpc-api-6.10.0.tgz#45db546a004b5fa748c1ddc4f47abb134db0b987"
  integrity sha512-RjPIVsAb/85P1ptoO3WpC0x7QG6gG/e4q/3lo6gbSznUZOcoM+8sSBnCX7BwP1ZkCDS6NK/ClXLnhhhYZx+OGg==
  dependencies:
    "@solana/addresses" "6.10.0"
    "@solana/codecs-core" "6.10.0"
    "@solana/codecs-strings" "6.10.0"
    "@solana/errors" "6.10.0"
    "@solana/keys" "6.10.0"
    "@solana/rpc-parsed-types" "6.10.0"
    "@solana/rpc-spec" "6.10.0"
    "@solana/rpc-transformers" "6.10.0"
    "@solana/rpc-types" "6.10.0"
    "@solana/transaction-messages" "6.10.0"
    "@solana/transactions" "6.10.0"

"@solana/rpc-parsed-types@6.10.0":
  version "6.10.0"
  resolved "https://registry.yarnpkg.com/@solana/rpc-parsed-types/-/rpc-parsed-types-6.10.0.tgz#a8206a155b000024d38aaf92d6918d8b6fb2242a"
  integrity sha512-5275mvSV1mxhwvrMVa+K7BU/nAetpHfcb+8Ql9rtA8RRf6DyiimFQFZUukE4Ez6XJihEpCHNy98yhkgai9wytQ==

"@solana/rpc-spec-types@6.10.0":
  version "6.10.0"
  resolved "https://registry.yarnpkg.com/@solana/rpc-spec-types/-/rpc-spec-types-6.10.0.tgz#e2e45909fddc2dac7d4500dc35de97b035bc6ad2"
  integrity sha512-NDZrKyZrJk4HaMFhTE/lAiMB824cWAodKqDHyKi0UteHU9pyRmil3BN1jt7e+j08mwMWwfklSgyrTaq52g6DIQ==

"@solana/rpc-spec@6.10.0":
  version "6.10.0"
  resolved "https://registry.yarnpkg.com/@solana/rpc-spec/-/rpc-spec-6.10.0.tgz#908a1d07c2babd34e9ef23d485c61a49d209d381"
  integrity sha512-yQdbWw5mZEWrwsunHR9NHkuhMXIB9sPOObwm18D53v5tAJnxTB0IcHvO647XqFDLTK/yQ4AdDtlYD1vsY07AMQ==
  dependencies:
    "@solana/errors" "6.10.0"
    "@solana/rpc-spec-types" "6.10.0"
    "@solana/subscribable" "6.10.0"

"@solana/rpc-subscriptions-api@6.10.0":
  version "6.10.0"
  resolved "https://registry.yarnpkg.com/@solana/rpc-subscriptions-api/-/rpc-subscriptions-api-6.10.0.tgz#4915f554fc291c8cbb3d739c11234b1b028a7f64"
  integrity sha512-CRPQoTtT1cOwOQUsqS7jgo7wYdAj7jB5ab/UmMPWVpecf2FNMhWhgvxP2s82M7VkDGTGl13qaQ0WySmi7Egrlg==
  dependencies:
    "@solana/addresses" "6.10.0"
    "@solana/keys" "6.10.0"
    "@solana/rpc-subscriptions-spec" "6.10.0"
    "@solana/rpc-transformers" "6.10.0"
    "@solana/rpc-types" "6.10.0"
    "@solana/transaction-messages" "6.10.0"
    "@solana/transactions" "6.10.0"

"@solana/rpc-subscriptions-channel-websocket@6.10.0":
  version "6.10.0"
  resolved "https://registry.yarnpkg.com/@solana/rpc-subscriptions-channel-websocket/-/rpc-subscriptions-channel-websocket-6.10.0.tgz#104cfd646c30544c9f82bbec77a61ad40c42f8b3"
  integrity sha512-KkqP1186HELPlJftA88SNAT2znR8knCVzsUipXVzY4zfW8sN3LOa0ePMzh9VZ/V+J+raTt55laR87ovAO0n+zw==
  dependencies:
    "@solana/errors" "6.10.0"
    "@solana/functional" "6.10.0"
    "@solana/rpc-subscriptions-spec" "6.10.0"
    "@solana/subscribable" "6.10.0"
    ws "^8.21.0"

"@solana/rpc-subscriptions-spec@6.10.0":
  version "6.10.0"
  resolved "https://registry.yarnpkg.com/@solana/rpc-subscriptions-spec/-/rpc-subscriptions-spec-6.10.0.tgz#b56b90f6f650e997d29e964dfba2f38d4c411d8a"
  integrity sha512-nWMwGaG4ulzeX2sskY5TywXF3cwEd8FDmUpLe2JBWxE8XDAOGOKcsYPYFcBgb8ee9KqfPT2PTNdcz9jOhJf34w==
  dependencies:
    "@solana/errors" "6.10.0"
    "@solana/promises" "6.10.0"
    "@solana/rpc-spec-types" "6.10.0"
    "@solana/subscribable" "6.10.0"

"@solana/rpc-subscriptions@6.10.0":
  version "6.10.0"
  resolved "https://registry.yarnpkg.com/@solana/rpc-subscriptions/-/rpc-subscriptions-6.10.0.tgz#5be1af72d9f274a5381a8a24af978862b56bbf46"
  integrity sha512-6mfuHp/K7unFKCOTCCBC9ziEGnxe2tyJ74EbR51QUnBeCUdYD7Hhdpxic1WRSJ3UeNW/mG4OzFM6z8Wi64Eh9Q==
  dependencies:
    "@solana/errors" "6.10.0"
    "@solana/fast-stable-stringify" "6.10.0"
    "@solana/functional" "6.10.0"
    "@solana/promises" "6.10.0"
    "@solana/rpc-spec-types" "6.10.0"
    "@solana/rpc-subscriptions-api" "6.10.0"
    "@solana/rpc-subscriptions-channel-websocket" "6.10.0"
    "@solana/rpc-subscriptions-spec" "6.10.0"
    "@solana/rpc-transformers" "6.10.0"
    "@solana/rpc-types" "6.10.0"
    "@solana/subscribable" "6.10.0"

"@solana/rpc-transformers@6.10.0":
  version "6.10.0"
  resolved "https://registry.yarnpkg.com/@solana/rpc-transformers/-/rpc-transformers-6.10.0.tgz#db44e158297aef1b68f331f8ffc3bb8cb3560653"
  integrity sha512-2nFUrVTiE720pJOY4XKx3HuYmishw0of/4oScu76YGm6O8wsmvFvPNAkrEinmieWXQkfpBfRvLZmpl8PaAy+ug==
  dependencies:
    "@solana/errors" "6.10.0"
    "@solana/functional" "6.10.0"
    "@solana/nominal-types" "6.10.0"
    "@solana/rpc-spec-types" "6.10.0"
    "@solana/rpc-types" "6.10.0"

"@solana/rpc-transport-http@6.10.0":
  version "6.10.0"
  resolved "https://registry.yarnpkg.com/@solana/rpc-transport-http/-/rpc-transport-http-6.10.0.tgz#f99bcbb967109c866b77601c17eeb52c9414300b"
  integrity sha512-JrdNuYi0nBbD3X8JUtgX1dQJwIwz/WJvmigDdELysXfGB2bTJpfjqGDLhCLOz2sRl66FASIEqgG/LVa2C9VXcA==
  dependencies:
    "@solana/errors" "6.10.0"
    "@solana/rpc-spec" "6.10.0"
    "@solana/rpc-spec-types" "6.10.0"
    undici-types "^8.4.1"

"@solana/rpc-types@6.10.0":
  version "6.10.0"
  resolved "https://registry.yarnpkg.com/@solana/rpc-types/-/rpc-types-6.10.0.tgz#d2db609ba6deaeea0d9c099640ff32f64ffa102a"
  integrity sha512-zaSecTfCPvz/vcoAmKD6XoRstGHTr1EKJBD8T9UcpEFFB6CtF6DxerDB+wrzkamuT6msmnR2DWXMrYOGDAsgIg==
  dependencies:
    "@solana/addresses" "6.10.0"
    "@solana/codecs-core" "6.10.0"
    "@solana/codecs-numbers" "6.10.0"
    "@solana/codecs-strings" "6.10.0"
    "@solana/errors" "6.10.0"
    "@solana/fixed-points" "6.10.0"
    "@solana/nominal-types" "6.10.0"

"@solana/rpc@6.10.0":
  version "6.10.0"
  resolved "https://registry.yarnpkg.com/@solana/rpc/-/rpc-6.10.0.tgz#b30596320733bb4bd00cf62817d8d8f8f57b0950"
  integrity sha512-EwxsqoD+NXV+m+iobnWNtATD93gTgaNsOiQOzYB1/2e+8S6fl6obdNPB55yfXgtl4jt6GV6/ae4xuPhLv76vvg==
  dependencies:
    "@solana/errors" "6.10.0"
    "@solana/fast-stable-stringify" "6.10.0"
    "@solana/functional" "6.10.0"
    "@solana/rpc-api" "6.10.0"
    "@solana/rpc-spec" "6.10.0"
    "@solana/rpc-spec-types" "6.10.0"
    "@solana/rpc-transformers" "6.10.0"
    "@solana/rpc-transport-http" "6.10.0"
    "@solana/rpc-types" "6.10.0"

"@solana/signers@6.10.0":
  version "6.10.0"
  resolved "https://registry.yarnpkg.com/@solana/signers/-/signers-6.10.0.tgz#32f51cde84a399a8008f284e8300bec68cd29a15"
  integrity sha512-+vtCc+mT1FpGxrA5oL2aaMxSHiMJ2hH5PcDIfjo2XJkHz2klZiCZyT5F9+zpltc9vdi1QTElQq59Sfplmtd33A==
  dependencies:
    "@solana/addresses" "6.10.0"
    "@solana/codecs-core" "6.10.0"
    "@solana/errors" "6.10.0"
    "@solana/instructions" "6.10.0"
    "@solana/keys" "6.10.0"
    "@solana/nominal-types" "6.10.0"
    "@solana/offchain-messages" "6.10.0"
    "@solana/transaction-messages" "6.10.0"
    "@solana/transactions" "6.10.0"

"@solana/subscribable@6.10.0":
  version "6.10.0"
  resolved "https://registry.yarnpkg.com/@solana/subscribable/-/subscribable-6.10.0.tgz#c44819d62e63145c067430c5c1c1e41263b9924d"
  integrity sha512-VsR6XMwkiDBkZJUcoGkEOhf397pOV75gKCL9Bx8bpi2T3Bbs0CxUpMn4yaUgAnRba3eXmjbXMNCXjttfa6sKbw==
  dependencies:
    "@solana/errors" "6.10.0"
    "@solana/promises" "6.10.0"

"@solana/sysvars@6.10.0":
  version "6.10.0"
  resolved "https://registry.yarnpkg.com/@solana/sysvars/-/sysvars-6.10.0.tgz#01597181374f1992364978d6a1ea27bfc90ef011"
  integrity sha512-cG13p1+onxz+20iWjwWQr1Z1jQwPm0fnjoW75fqZq7p4rVCie3L2sXvaJsYPjWKrUvpOzOIEHnqZGkG05rCpjg==
  dependencies:
    "@solana/accounts" "6.10.0"
    "@solana/codecs-core" "6.10.0"
    "@solana/codecs-data-structures" "6.10.0"
    "@solana/codecs-numbers" "6.10.0"
    "@solana/errors" "6.10.0"
    "@solana/rpc-types" "6.10.0"

"@solana/transaction-confirmation@6.10.0":
  version "6.10.0"
  resolved "https://registry.yarnpkg.com/@solana/transaction-confirmation/-/transaction-confirmation-6.10.0.tgz#4da442975f5ad0132419e8e3df613b3650d3f802"
  integrity sha512-ULvtg65qfenh4T/GYcIlKSUv5EqDcng9UN0dxbHU4kuZdR2e0B8HN2xDC4WhcFQVeFJSbTZmaYFkeTY/Y4gfGQ==
  dependencies:
    "@solana/addresses" "6.10.0"
    "@solana/codecs-strings" "6.10.0"
    "@solana/errors" "6.10.0"
    "@solana/keys" "6.10.0"
    "@solana/promises" "6.10.0"
    "@solana/rpc" "6.10.0"
    "@solana/rpc-subscriptions" "6.10.0"
    "@solana/rpc-types" "6.10.0"
    "@solana/transaction-messages" "6.10.0"
    "@solana/transactions" "6.10.0"

"@solana/transaction-messages@6.10.0":
  version "6.10.0"
  resolved "https://registry.yarnpkg.com/@solana/transaction-messages/-/transaction-messages-6.10.0.tgz#f0c2de941bc8787b42eec21e37af92ff2e6d5bd3"
  integrity sha512-s7v8G3BTxGlKYIj3eWCG0g1296v+1LBt16mVnlRH5FuyaJ5AdhlhtRho5HUDpdwE8EXun+y1c48V6uhcZ8wdbQ==
  dependencies:
    "@solana/addresses" "6.10.0"
    "@solana/codecs-core" "6.10.0"
    "@solana/codecs-data-structures" "6.10.0"
    "@solana/codecs-numbers" "6.10.0"
    "@solana/errors" "6.10.0"
    "@solana/functional" "6.10.0"
    "@solana/instructions" "6.10.0"
    "@solana/nominal-types" "6.10.0"
    "@solana/rpc-types" "6.10.0"

"@solana/transactions@6.10.0":
  version "6.10.0"
  resolved "https://registry.yarnpkg.com/@solana/transactions/-/transactions-6.10.0.tgz#a06485336ee8fe9059bf4a83fcefb2056935025d"
  integrity sha512-VADSqP9OTYmhrox4pcgDd4+RjVmednXSE0+8Y7SPK4PN1pK5Az2RJ0nSsy0xcTnaOr8mF/crwFktqPrRQwSbQA==
  dependencies:
    "@solana/addresses" "6.10.0"
    "@solana/codecs-core" "6.10.0"
    "@solana/codecs-data-structures" "6.10.0"
    "@solana/codecs-numbers" "6.10.0"
    "@solana/codecs-strings" "6.10.0"
    "@solana/errors" "6.10.0"
    "@solana/functional" "6.10.0"
    "@solana/instructions" "6.10.0"
    "@solana/keys" "6.10.0"
    "@solana/nominal-types" "6.10.0"
    "@solana/rpc-types" "6.10.0"
    "@solana/transaction-messages" "6.10.0"

"@types/node@^26.0.1":
  version "26.0.1"
  resolved "https://registry.yarnpkg.com/@types/node/-/node-26.0.1.tgz#4a60e2c7a6d68bd261e265f8983bfe1601263ce3"
  integrity sha512-fc3KiUoBt6kie0N9bIW3E47vZsuaMf0PM2AaUpLCLT0s/LvX1nxAim6Fc049cNxODPpGm6qRAuUOB86SkRuPQw==
  dependencies:
    undici-types "~8.3.0"

chalk@5.6.2:
  version "5.6.2"
  resolved "https://registry.yarnpkg.com/chalk/-/chalk-5.6.2.tgz#b1238b6e23ea337af71c7f8a295db5af0c158aea"
  integrity sha512-7NzBL0rN6fMUW+f7A6Io4h40qQlG+xGmtMxfbnH/K7TAtt8JQWVQK+6g0UXKMeVJoyV5EkkNsErQ8pVD3bLHbA==

commander@15.0.0:
  version "15.0.0"
  resolved "https://registry.yarnpkg.com/commander/-/commander-15.0.0.tgz#96f3961f12adac1799ef3fbd8bc61d40572d1b11"
  integrity sha512-z67u4ZhzCL/Tydu1lJARtEZYWbWaN7oYLHbsuzocr6y4N6WZAagG3RQ4FW61V1/0+jImpj293XfrcYnd1qxtPg==

litesvm-darwin-arm64@1.2.0:
  version "1.2.0"
  resolved "https://registry.yarnpkg.com/litesvm-darwin-arm64/-/litesvm-darwin-arm64-1.2.0.tgz#1de87dc0552aacbc5bf880c90bd416e15cc2d4f4"
  integrity sha512-gI4oPp/aNY/OAFce70gKmiGHZHq0WJV6GT/o55ixztsvCBTPJ0njITUDcYuViGds9riUGfHGWxNca9Uwu0QL7A==

litesvm-darwin-x64@1.2.0:
  version "1.2.0"
  resolved "https://registry.yarnpkg.com/litesvm-darwin-x64/-/litesvm-darwin-x64-1.2.0.tgz#67826ea9ea771cba87bd9a04ea8a368aa83c0402"
  integrity sha512-XeIgtWLKM4TKk/1uNU8BnTd9XiQBVkZMz10Jg183wrgaC2a/iiFBmg9Kt3CQfHdr8XY4Q+cpvrT47olftL6wjA==

litesvm-linux-arm64-gnu@1.2.0:
  version "1.2.0"
  resolved "https://registry.yarnpkg.com/litesvm-linux-arm64-gnu/-/litesvm-linux-arm64-gnu-1.2.0.tgz#5f7ddf122833be49833f461be97c9f374ced74b1"
  integrity sha512-gy9AK/0C0xc4socBeE4udgooOn7v5lLAeTNz48Kv6D0p1m+aDbvo6a8hgpX6im3nJxwSlHTxW3KOcMAoIP1/6g==

litesvm-linux-arm64-musl@1.2.0:
  version "1.2.0"
  resolved "https://registry.yarnpkg.com/litesvm-linux-arm64-musl/-/litesvm-linux-arm64-musl-1.2.0.tgz#bbf1e280317022c16d117e58e6e2aacfcc0f62e3"
  integrity sha512-2v+OdqT1qm1S+n1NBagR7zWcnWOsyR8ZpNdD0vXO/91Uc/2VN0JT25wPdri5bmhtUrv2ad7LaNkdRMlXhHxOjQ==

litesvm-linux-x64-gnu@1.2.0:
  version "1.2.0"
  resolved "https://registry.yarnpkg.com/litesvm-linux-x64-gnu/-/litesvm-linux-x64-gnu-1.2.0.tgz#1b194488a31824356d3b3181b329de03490e3450"
  integrity sha512-UO5EOJRy90Sb0864iDtqedN5ctXaIp1eM8w+bVx+EwLIVIESR6R3VZseUjj3cRLyhZpe4lCbrzz37GdGHXgRYQ==

litesvm-linux-x64-musl@1.2.0:
  version "1.2.0"
  resolved "https://registry.yarnpkg.com/litesvm-linux-x64-musl/-/litesvm-linux-x64-musl-1.2.0.tgz#b4bb007eaac97bebbf0320766329e3beca39366c"
  integrity sha512-Ysdi9IzhXAYkQtrqejGryt1nzIqzBXLGgv/sfyVXJLiDfRsaVW03Dn+FYHmm2kMSchNP2XAAwO1ymYN14xJPvg==

litesvm@^1.2.0:
  version "1.2.0"
  resolved "https://registry.yarnpkg.com/litesvm/-/litesvm-1.2.0.tgz#4c046ae65d431f15431019fa8587fdac0646731b"
  integrity sha512-r/uGAeSGuCnIa/Aqb4skQDY3/+HXg8UdIHHzIt9u714t+FwL6tk6lj2I65WimQX3Qg3Hzua1ygK1bxkGtQFuwQ==
  dependencies:
    "@solana-program/system" "^0.12.2"
    "@solana-program/token" "^0.14.0"
    "@solana/kit" "^6.10.0"
  optionalDependencies:
    litesvm-darwin-arm64 "1.2.0"
    litesvm-darwin-x64 "1.2.0"
    litesvm-linux-arm64-gnu "1.2.0"
    litesvm-linux-arm64-musl "1.2.0"
    litesvm-linux-x64-gnu "1.2.0"
    litesvm-linux-x64-musl "1.2.0"

undici-types@^8.4.1:
  version "8.5.0"
  resolved "https://registry.yarnpkg.com/undici-types/-/undici-types-8.5.0.tgz#6921806a1e213198adb20e357db9cce1c50e058e"
  integrity sha512-+FxhD+5RUdCZHlVPt+pd0DaYYHBPsgoHovxhMnFq9R1SOejHGE4ma0swzuRoKhOisEzsjFWdFedyD0JQmftrHg==

undici-types@~8.3.0:
  version "8.3.0"
  resolved "https://registry.yarnpkg.com/undici-types/-/undici-types-8.3.0.tgz#44e9fc9f3244648cdea35e4f9bb2d681e9410809"
  integrity sha512-j375ScV60dom+YkPFIfTLcOiPxkN/buHz5GobjLhixFuANaNs3C9l4GmrWqejgXWJ7BbJcFYpTEUkS1Ge8bpZQ==

ws@^8.21.0:
  version "8.21.0"
  resolved "https://registry.yarnpkg.com/ws/-/ws-8.21.0.tgz#012e413fc07429945121b0c153158c4343086951"
  integrity sha512-Vsp28b7DRcimFQvrqu2Wek3z1iYxDCWqHYB8Qsnk/S4RfaCQzPGPyBNuVjJV3cd6UiKtUtp6sNM77gWvzcCH+g==
